
Microsoft Visual Studio Solution File, Format Version 12.00
# Visual Studio 14
VisualStudioVersion = 14.0.23107.0
MinimumVisualStudioVersion = 10.0.40219.1
Project("{FAE04EC0-301F-11D3-BF4B-00C04F79EFBC}") = "CapaDatos", "CapaDatos\CapaDatos.csproj", "{707E3C17-4EEC-4149-B327-BC9C7909B8A5}"
EndProject
Project("{FAE04EC0-301F-11D3-BF4B-00C04F79EFBC}") = "CapaLogica", "CapaLogica\CapaLogica.csproj", "{9BA875DE-7424-4CAC-BECA-256D7BAD3244}"
EndProject
Project("{FAE04EC0-301F-11D3-BF4B-00C04F79EFBC}") = "CapaPresentacion", "CapaPresentacion\CapaPresentacion.csproj", "{CA24FEA3-D0B2-46E0-9D05-FDFB78660E57}"
EndProject
Global
	GlobalSection(SolutionConfigurationPlatforms) = preSolution
		Debug|Any CPU = Debug|Any CPU
		Release|Any CPU = Release|Any CPU
	EndGlobalSection
	GlobalSection(ProjectConfigurationPlatforms) = postSolution
		{707E3C17-4EEC-4149-B327-BC9C7909B8A5}.Debug|Any CPU.ActiveCfg = Debug|Any CPU
		{707E3C17-4EEC-4149-B327-BC9C7909B8A5}.Debug|Any CPU.Build.0 = Debug|Any CPU
		{707E3C17-4EEC-4149-B327-BC9C7909B8A5}.Release|Any CPU.ActiveCfg = Release|Any CPU
		{707E3C17-4EEC-4149-B327-BC9C7909B8A5}.Release|Any CPU.Build.0 = Release|Any CPU
		{9BA875DE-7424-4CAC-BECA-256D7BAD3244}.Debug|Any CPU.ActiveCfg = Debug|Any CPU
		{9BA875DE-7424-4CAC-BECA-256D7BAD3244}.Debug|Any CPU.Build.0 = Debug|Any CPU
		{9BA875DE-7424-4CAC-BECA-256D7BAD3244}.Release|Any CPU.ActiveCfg = Release|Any CPU
		{9BA875DE-7424-4CAC-BECA-256D7BAD3244}.Release|Any CPU.Build.0 = Release|Any CPU
		{CA24FEA3-D0B2-46E0-9D05-FDFB78660E57}.Debug|Any CPU.ActiveCfg = Debug|Any CPU
		{CA24FEA3-D0B2-46E0-9D05-FDFB78660E57}.Debug|Any CPU.Build.0 = Debug|Any CPU
		{CA24FEA3-D0B2-46E0-9D05-FDFB78660E57}.Release|Any CPU.ActiveCfg = Release|Any CPU
		{CA24FEA3-D0B2-46E0-9D05-FDFB78660E57}.Release|Any CPU.Build.0 = Release|Any CPU
	EndGlobalSection
	GlobalSection(SolutionProperties) = preSolution
		HideSolutionNode = FALSE
	EndGlobalSection
EndGlobal
